
Microsoft Visual Studio Solution File, Format Version 12.00
Project("{FAE04EC0-301F-11D3-BF4B-00C04F79EFBC}") = "ParallelDownloadBucket", "ParallelDownloadBucket\ParallelDownloadBucket.csproj", "{ABB66FEF-EA8B-4869-93ED-0525E99A297B}"
EndProject
Global
	GlobalSection(SolutionConfigurationPlatforms) = preSolution
		Debug|Any CPU = Debug|Any CPU
		Release|Any CPU = Release|Any CPU
	EndGlobalSection
	GlobalSection(ProjectConfigurationPlatforms) = postSolution
		{ABB66FEF-EA8B-4869-93ED-0525E99A297B}.Debug|Any CPU.ActiveCfg = Debug|Any CPU
		{ABB66FEF-EA8B-4869-93ED-0525E99A297B}.Debug|Any CPU.Build.0 = Debug|Any CPU
		{ABB66FEF-EA8B-4869-93ED-0525E99A297B}.Release|Any CPU.ActiveCfg = Release|Any CPU
		{ABB66FEF-EA8B-4869-93ED-0525E99A297B}.Release|Any CPU.Build.0 = Release|Any CPU
	EndGlobalSection
EndGlobal
